
Microsoft Visual Studio Solution File, Format Version 12.00
# Visual Studio Version 16
VisualStudioVersion = 16.0.32602.291
MinimumVisualStudioVersion = 10.0.40219.1
Project("{9A19103F-16F7-4668-BE54-9A1E7A4F7556}") = "QueryDB", "QueryDB\QueryDB.csproj", "{2E74BF2D-3D73-4E4F-AA94-69E930313160}"
EndProject
Project("{9A19103F-16F7-4668-BE54-9A1E7A4F7556}") = "QueryDB.Core.Tests", "QueryDB.Core.Tests\QueryDB.Core.Tests.csproj", "{596BB42F-FB09-42A0-A2FE-EA8533BBBE19}"
EndProject
Global
	GlobalSection(SolutionConfigurationPlatforms) = preSolution
		Debug|Any CPU = Debug|Any CPU
		Release|Any CPU = Release|Any CPU
	EndGlobalSection
	GlobalSection(ProjectConfigurationPlatforms) = postSolution
		{2E74BF2D-3D73-4E4F-AA94-69E930313160}.Debug|Any CPU.ActiveCfg = Debug|Any CPU
		{2E74BF2D-3D73-4E4F-AA94-69E930313160}.Debug|Any CPU.Build.0 = Debug|Any CPU
		{2E74BF2D-3D73-4E4F-AA94-69E930313160}.Release|Any CPU.ActiveCfg = Release|Any CPU
		{2E74BF2D-3D73-4E4F-AA94-69E930313160}.Release|Any CPU.Build.0 = Release|Any CPU
		{596BB42F-FB09-42A0-A2FE-EA8533BBBE19}.Debug|Any CPU.ActiveCfg = Debug|Any CPU
		{596BB42F-FB09-42A0-A2FE-EA8533BBBE19}.Debug|Any CPU.Build.0 = Debug|Any CPU
		{596BB42F-FB09-42A0-A2FE-EA8533BBBE19}.Release|Any CPU.ActiveCfg = Release|Any CPU
		{596BB42F-FB09-42A0-A2FE-EA8533BBBE19}.Release|Any CPU.Build.0 = Release|Any CPU
	EndGlobalSection
	GlobalSection(SolutionProperties) = preSolution
		HideSolutionNode = FALSE
	EndGlobalSection
	GlobalSection(ExtensibilityGlobals) = postSolution
		SolutionGuid = {A9BF0C37-C254-400B-B290-1158BEF169C4}
	EndGlobalSection
EndGlobal
